
Microsoft Visual Studio Solution File, Format Version 12.00
# Visual Studio Version 17
VisualStudioVersion = 17.10.34928.147
MinimumVisualStudioVersion = 10.0.40219.1
Project("{FAE04EC0-301F-11D3-BF4B-00C04F79EFBC}") = "WpfApp3", "WpfApp3\WpfApp3.csproj", "{22802F1C-D4FB-4AAF-AEAC-69A6EF23651A}"
EndProject
Global
	GlobalSection(SolutionConfigurationPlatforms) = preSolution
		Debug|Any CPU = Debug|Any CPU
		Release|Any CPU = Release|Any CPU
	EndGlobalSection
	GlobalSection(ProjectConfigurationPlatforms) = postSolution
		{22802F1C-D4FB-4AAF-AEAC-69A6EF23651A}.Debug|Any CPU.ActiveCfg = Debug|Any CPU
		{22802F1C-D4FB-4AAF-AEAC-69A6EF23651A}.Debug|Any CPU.Build.0 = Debug|Any CPU
		{22802F1C-D4FB-4AAF-AEAC-69A6EF23651A}.Release|Any CPU.ActiveCfg = Release|Any CPU
		{22802F1C-D4FB-4AAF-AEAC-69A6EF23651A}.Release|Any CPU.Build.0 = Release|Any CPU
	EndGlobalSection
	GlobalSection(SolutionProperties) = preSolution
		HideSolutionNode = FALSE
	EndGlobalSection
	GlobalSection(ExtensibilityGlobals) = postSolution
		SolutionGuid = {FE5A6786-8F46-4093-92CE-330A4AE661D6}
	EndGlobalSection
EndGlobal
